<?xml version="1.0" encoding="utf-8"?>
<Project ToolsVersion="4.0" xmlns="http://schemas.microsoft.com/developer/msbuild/2003">
  <ItemGroup>
    <Filter Include="src">
      <UniqueIdentifier>{084ba3b1-6a32-43a6-ac4c-69b5768ee471}</UniqueIdentifier>
    </Filter>
    <Filter Include="include">
      <UniqueIdentifier>{1ab2a71b-366f-48b7-a9a5-fe7ceae73ef3}</UniqueIdentifier>
    </Filter>
    <Filter Include="sample">
      <UniqueIdentifier>{089290d3-12c8-4cc2-81e5-680787868995}</UniqueIdentifier>
    </Filter>
    <Filter Include="shader">
      <UniqueIdentifier>{228e773b-4f70-4417-a10e-62abd189d3f4}</UniqueIdentifier>
    </Filter>
    <Filter Include="images">
      <UniqueIdentifier>{44ddf96f-20a0-4ecb-9fcc-d2c16883f0b8}</UniqueIdentifier>
    </Filter>
    <Filter Include="libs">
      <UniqueIdentifier>{d2a0ffc1-bd90-4e54-bc1c-72d54a725878}</UniqueIdentifier>
    </Filter>
    <Filter Include="images\skybox">
      <UniqueIdentifier>{b05ece03-a25f-4039-aed7-f1701c80f3bb}</UniqueIdentifier>
    </Filter>
    <Filter Include="images\nanosuit">
      <UniqueIdentifier>{da257f00-61b5-472f-9fb2-25b0074d00a1}</UniqueIdentifier>
    </Filter>
    <Filter Include="images\asteroid_belt">
      <UniqueIdentifier>{8d49e263-1109-4581-837b-5bafa294fc9e}</UniqueIdentifier>
    </Filter>
  </ItemGroup>
  <ItemGroup>
    <ClInclude Include="include\fileUtil.h">
      <Filter>include</Filter>
    </ClInclude>
    <ClInclude Include="include\list.h">
      <Filter>include</Filter>
    </ClInclude>
    <ClInclude Include="include\shaders.h">
      <Filter>include</Filter>
    </ClInclude>
    <ClInclude Include="include\shaderSource.h">
      <Filter>include</Filter>
    </ClInclude>
    <ClInclude Include="include\stb_image.h">
      <Filter>include</Filter>
    </ClInclude>
    <ClInclude Include="include\test.h">
      <Filter>include</Filter>
    </ClInclude>
    <ClInclude Include="include\util.h">
      <Filter>include</Filter>
    </ClInclude>
    <ClInclude Include="include\TestPractiseLight27.h">
      <Filter>include</Filter>
    </ClInclude>
    <ClInclude Include="include\Mesh.h">
      <Filter>include</Filter>
    </ClInclude>
    <ClInclude Include="include\Model.h">
      <Filter>include</Filter>
    </ClInclude>
    <ClInclude Include="include\Camera.h">
      <Filter>include</Filter>
    </ClInclude>
    <ClInclude Include="include\MyShader.h">
      <Filter>include</Filter>
    </ClInclude>
    <ClInclude Include="include\TestPractiseDepth28.h">
      <Filter>include</Filter>
    </ClInclude>
    <ClInclude Include="include\PractiseBlending29.h">
      <Filter>include</Filter>
    </ClInclude>
    <ClInclude Include="include\PractiseBlending30.h">
      <Filter>include</Filter>
    </ClInclude>
    <ClInclude Include="include\PractiseFaceCulling_4_4.h">
      <Filter>include</Filter>
    </ClInclude>
    <ClInclude Include="include\PractiseFrameBuffers_4_5.h">
      <Filter>include</Filter>
    </ClInclude>
    <ClInclude Include="include\PractiseFrameBuffer_kernel_4_5.h">
      <Filter>include</Filter>
    </ClInclude>
    <ClInclude Include="include\skyBoxData.h">
      <Filter>include</Filter>
    </ClInclude>
    <ClInclude Include="include\PractiseCubeMap_4_6.h">
      <Filter>include</Filter>
    </ClInclude>
    <ClInclude Include="include\RenderUtil.h">
      <Filter>include</Filter>
    </ClInclude>
    <ClInclude Include="include\PractiseAdvancedData_4_7.h">
      <Filter>include</Filter>
    </ClInclude>
    <ClInclude Include="include\PractiseAdvancedGLSL_4_8.h">
      <Filter>include</Filter>
    </ClInclude>
    <ClInclude Include="include\PractiseAdvancedGLSL_4_8_2.h">
      <Filter>include</Filter>
    </ClInclude>
    <ClInclude Include="include\PractiseGeometryShader_4_9.h">
      <Filter>include</Filter>
    </ClInclude>
    <ClInclude Include="include\PractiseGeometryShader_4_9_2.h">
      <Filter>include</Filter>
    </ClInclude>
    <ClInclude Include="include\PractiseInstancing_4_10.h">
      <Filter>include</Filter>
    </ClInclude>
    <ClInclude Include="include\PractiseAntiAliasing_4_11.h">
      <Filter>include</Filter>
    </ClInclude>
    <ClInclude Include="include\WindowHelper.h">
      <Filter>include</Filter>
    </ClInclude>
  </ItemGroup>
  <ItemGroup>
    <ClCompile Include="src\fileUtil.c">
      <Filter>src</Filter>
    </ClCompile>
    <ClCompile Include="src\glad.c">
      <Filter>src</Filter>
    </ClCompile>
    <ClCompile Include="src\list.c">
      <Filter>src</Filter>
    </ClCompile>
    <ClCompile Include="src\main.cpp">
      <Filter>src</Filter>
    </ClCompile>
    <ClCompile Include="src\shaders.c">
      <Filter>src</Filter>
    </ClCompile>
    <ClCompile Include="src\shaderSource.c">
      <Filter>src</Filter>
    </ClCompile>
    <ClCompile Include="src\util.c">
      <Filter>src</Filter>
    </ClCompile>
    <ClCompile Include="sample\testDrawRectangle.c">
      <Filter>sample</Filter>
    </ClCompile>
    <ClCompile Include="sample\testDrawTriangle.c">
      <Filter>sample</Filter>
    </ClCompile>
    <ClCompile Include="sample\testDrawUnfillRectangle.c">
      <Filter>sample</Filter>
    </ClCompile>
    <ClCompile Include="sample\testGetParentDir.c">
      <Filter>sample</Filter>
    </ClCompile>
    <ClCompile Include="sample\testLoadStbImage.c">
      <Filter>sample</Filter>
    </ClCompile>
    <ClCompile Include="sample\testPractiseDrawTriangle1.c">
      <Filter>sample</Filter>
    </ClCompile>
    <ClCompile Include="sample\testPractiseDrawTriangle2.c">
      <Filter>sample</Filter>
    </ClCompile>
    <ClCompile Include="sample\testPractiseDrawTriangle3.c">
      <Filter>sample</Filter>
    </ClCompile>
    <ClCompile Include="sample\testPractiseDrawTriangle4.c">
      <Filter>sample</Filter>
    </ClCompile>
    <ClCompile Include="sample\testPractiseDrawTriangle5.c">
      <Filter>sample</Filter>
    </ClCompile>
    <ClCompile Include="sample\testPractiseDrawTriangle6.c">
      <Filter>sample</Filter>
    </ClCompile>
    <ClCompile Include="sample\testPractiseDrawTriangle7.c">
      <Filter>sample</Filter>
    </ClCompile>
    <ClCompile Include="sample\testPractiseDrawTriangle8.c">
      <Filter>sample</Filter>
    </ClCompile>
    <ClCompile Include="sample\testPractiseDrawWithPerspective12.cpp">
      <Filter>sample</Filter>
    </ClCompile>
    <ClCompile Include="sample\testPractiseDrawWithPerspective13.cpp">
      <Filter>sample</Filter>
    </ClCompile>
    <ClCompile Include="sample\testPractiseDrawWithPerspective14.cpp">
      <Filter>sample</Filter>
    </ClCompile>
    <ClCompile Include="sample\testPractiseDrawWithPerspective15.cpp">
      <Filter>sample</Filter>
    </ClCompile>
    <ClCompile Include="sample\testPractiseDrawWithTexture10.c">
      <Filter>sample</Filter>
    </ClCompile>
    <ClCompile Include="sample\testPractiseDrawWithTexure9.c">
      <Filter>sample</Filter>
    </ClCompile>
    <ClCompile Include="sample\testPractiseDrawWithTransform11.cpp">
      <Filter>sample</Filter>
    </ClCompile>
    <ClCompile Include="sample\testPractiseReadFile.c">
      <Filter>sample</Filter>
    </ClCompile>
    <ClCompile Include="sample\testPractiseDrawWithPerspective16.cpp">
      <Filter>sample</Filter>
    </ClCompile>
    <ClCompile Include="sample\testPractiseDrawWithCamera17.cpp">
      <Filter>sample</Filter>
    </ClCompile>
    <ClCompile Include="sample\testPractiseLight18.cpp">
      <Filter>sample</Filter>
    </ClCompile>
    <ClCompile Include="sample\testPractiseLight19.cpp">
      <Filter>sample</Filter>
    </ClCompile>
    <ClCompile Include="sample\testPractiseLight20.cpp">
      <Filter>sample</Filter>
    </ClCompile>
    <ClCompile Include="sample\testPractiseLight21.cpp">
      <Filter>sample</Filter>
    </ClCompile>
    <ClCompile Include="sample\testPractiseLight22.cpp">
      <Filter>sample</Filter>
    </ClCompile>
    <ClCompile Include="sample\testPractiseLight23.cpp">
      <Filter>sample</Filter>
    </ClCompile>
    <ClCompile Include="sample\testPractiseLight24.cpp">
      <Filter>sample</Filter>
    </ClCompile>
    <ClCompile Include="sample\testPractiseLight25.cpp">
      <Filter>sample</Filter>
    </ClCompile>
    <ClCompile Include="sample\testPractiseLight26.cpp">
      <Filter>sample</Filter>
    </ClCompile>
    <ClCompile Include="src\Mesh.cpp">
      <Filter>src</Filter>
    </ClCompile>
    <ClCompile Include="src\Model.cpp">
      <Filter>src</Filter>
    </ClCompile>
    <ClCompile Include="src\Camera.cpp">
      <Filter>src</Filter>
    </ClCompile>
    <ClCompile Include="sample\TestPractiseLight27.cpp">
      <Filter>sample</Filter>
    </ClCompile>
    <ClCompile Include="src\MyShader.cpp">
      <Filter>src</Filter>
    </ClCompile>
    <ClCompile Include="sample\TestPractiseDepth28.cpp">
      <Filter>sample</Filter>
    </ClCompile>
    <ClCompile Include="sample\PractiseBlending29.cpp">
      <Filter>sample</Filter>
    </ClCompile>
    <ClCompile Include="sample\PractiseBlending30.cpp">
      <Filter>sample</Filter>
    </ClCompile>
    <ClCompile Include="sample\PractiseFaceCulling_4_4.cpp">
      <Filter>sample</Filter>
    </ClCompile>
    <ClCompile Include="sample\PractiseFrameBuffers_4_5.cpp">
      <Filter>sample</Filter>
    </ClCompile>
    <ClCompile Include="sample\PractiseFrameBuffer_kernel_4_5.cpp">
      <Filter>sample</Filter>
    </ClCompile>
    <ClCompile Include="sample\PractiseCubeMap_4_6.cpp">
      <Filter>sample</Filter>
    </ClCompile>
    <ClCompile Include="src\RenderUtil.cpp">
      <Filter>src</Filter>
    </ClCompile>
    <ClCompile Include="sample\PractiseAdvancedData_4_7.cpp">
      <Filter>sample</Filter>
    </ClCompile>
    <ClCompile Include="sample\PractiseAdvancedGLSL_4_8.cpp">
      <Filter>sample</Filter>
    </ClCompile>
    <ClCompile Include="sample\PractiseAdvancedGLSL_4_8_2.cpp">
      <Filter>sample</Filter>
    </ClCompile>
    <ClCompile Include="sample\PractiseGeometryShader_4_9.cpp">
      <Filter>sample</Filter>
    </ClCompile>
    <ClCompile Include="sample\PractiseGeometryShader_4_9_2.cpp">
      <Filter>sample</Filter>
    </ClCompile>
    <ClCompile Include="sample\PractiseInstancing_4_10.cpp">
      <Filter>sample</Filter>
    </ClCompile>
    <ClCompile Include="sample\PractiseAntiAliasing_4_11.cpp">
      <Filter>sample</Filter>
    </ClCompile>
    <ClCompile Include="sample\WindowHelper.cpp">
      <Filter>src</Filter>
    </ClCompile>
  </ItemGroup>
  <ItemGroup>
    <Text Include="shader\shader_perspective_test12_fragment.txt">
      <Filter>shader</Filter>
    </Text>
    <Text Include="shader\shader_perspective_test12_vertex.txt">
      <Filter>shader</Filter>
    </Text>
    <Text Include="shader\shader_perspective_test13_fragment.txt">
      <Filter>shader</Filter>
    </Text>
    <Text Include="shader\shader_perspective_test13_vertex.txt">
      <Filter>shader</Filter>
    </Text>
    <Text Include="shader\shader_perspective_test15_fragment.txt">
      <Filter>shader</Filter>
    </Text>
    <Text Include="shader\shader_perspective_test15_vertex.txt">
      <Filter>shader</Filter>
    </Text>
    <Text Include="shader\shader_texture_test9_fragment.txt">
      <Filter>shader</Filter>
    </Text>
    <Text Include="shader\shader_texture_test9_vertex.txt">
      <Filter>shader</Filter>
    </Text>
    <Text Include="shader\shader_texture_test10_fragment.txt">
      <Filter>shader</Filter>
    </Text>
    <Text Include="shader\shader_texture_test10_vertex.txt">
      <Filter>shader</Filter>
    </Text>
    <Text Include="shader\shader_transform_test11_fragment.txt">
      <Filter>shader</Filter>
    </Text>
    <Text Include="shader\shader_transform_test11_vertex.txt">
      <Filter>shader</Filter>
    </Text>
    <Text Include="shader\shader_triangle_test8_frag.txt">
      <Filter>shader</Filter>
    </Text>
    <Text Include="shader\shader_triangle_test8_vertex.txt">
      <Filter>shader</Filter>
    </Text>
    <Text Include="shader\shader_camera_test17_vertex.txt">
      <Filter>shader</Filter>
    </Text>
    <Text Include="shader\shader_camera_test17_fragment.txt">
      <Filter>shader</Filter>
    </Text>
    <Text Include="shader\shader_light_test18_vertex.txt">
      <Filter>shader</Filter>
    </Text>
    <Text Include="shader\shader_light_test18_fragment.txt">
      <Filter>shader</Filter>
    </Text>
    <Text Include="shader\shader_light_test18_fragment_light.txt">
      <Filter>shader</Filter>
    </Text>
    <Text Include="shader\shader_light_test19_vertex.txt">
      <Filter>shader</Filter>
    </Text>
    <Text Include="shader\shader_light_test19_fragment.txt">
      <Filter>shader</Filter>
    </Text>
    <Text Include="shader\shader_light_test19_fragment_light.txt">
      <Filter>shader</Filter>
    </Text>
    <Text Include="images\nanosuit\LICENSE.txt">
      <Filter>images\nanosuit</Filter>
    </Text>
    <Text Include="images\asteroid_belt\rock.obj">
      <Filter>images\asteroid_belt</Filter>
    </Text>
    <Text Include="images\asteroid_belt\planet.obj">
      <Filter>images\asteroid_belt</Filter>
    </Text>
    <Text Include="images\nanosuit\nanosuit.obj">
      <Filter>images\nanosuit</Filter>
    </Text>
  </ItemGroup>
  <ItemGroup>
    <Image Include="images\awesomeface.png">
      <Filter>images</Filter>
    </Image>
    <Image Include="images\container.jpg">
      <Filter>images</Filter>
    </Image>
    <Image Include="images\wall.jpg">
      <Filter>images</Filter>
    </Image>
    <Image Include="images\container2.png">
      <Filter>images</Filter>
    </Image>
    <Image Include="images\container2_specular.png">
      <Filter>images</Filter>
    </Image>
    <Image Include="images\lighting_maps_specular_color.png">
      <Filter>images</Filter>
    </Image>
    <Image Include="images\matrix.jpg">
      <Filter>images</Filter>
    </Image>
    <Image Include="images\marble.jpg">
      <Filter>images</Filter>
    </Image>
    <Image Include="images\metal.png">
      <Filter>images</Filter>
    </Image>
    <Image Include="images\grass.png">
      <Filter>images</Filter>
    </Image>
    <Image Include="images\blending_transparent_window.png">
      <Filter>images</Filter>
    </Image>
    <Image Include="images\skybox\back.jpg">
      <Filter>images\skybox</Filter>
    </Image>
    <Image Include="images\skybox\bottom.jpg">
      <Filter>images\skybox</Filter>
    </Image>
    <Image Include="images\skybox\front.jpg">
      <Filter>images\skybox</Filter>
    </Image>
    <Image Include="images\skybox\left.jpg">
      <Filter>images\skybox</Filter>
    </Image>
    <Image Include="images\skybox\right.jpg">
      <Filter>images\skybox</Filter>
    </Image>
    <Image Include="images\skybox\top.jpg">
      <Filter>images\skybox</Filter>
    </Image>
    <Image Include="images\marble_inside.jpg">
      <Filter>images</Filter>
    </Image>
    <Image Include="images\marble2.jpg">
      <Filter>images</Filter>
    </Image>
    <Image Include="images\nanosuit\arm_dif.png">
      <Filter>images\nanosuit</Filter>
    </Image>
    <Image Include="images\nanosuit\arm_showroom_ddn.png">
      <Filter>images\nanosuit</Filter>
    </Image>
    <Image Include="images\nanosuit\arm_showroom_spec.png">
      <Filter>images\nanosuit</Filter>
    </Image>
    <Image Include="images\nanosuit\body_dif.png">
      <Filter>images\nanosuit</Filter>
    </Image>
    <Image Include="images\nanosuit\body_showroom_ddn.png">
      <Filter>images\nanosuit</Filter>
    </Image>
    <Image Include="images\nanosuit\body_showroom_spec.png">
      <Filter>images\nanosuit</Filter>
    </Image>
    <Image Include="images\nanosuit\glass_ddn.png">
      <Filter>images\nanosuit</Filter>
    </Image>
    <Image Include="images\nanosuit\glass_dif.png">
      <Filter>images\nanosuit</Filter>
    </Image>
    <Image Include="images\nanosuit\hand_dif.png">
      <Filter>images\nanosuit</Filter>
    </Image>
    <Image Include="images\nanosuit\hand_showroom_ddn.png">
      <Filter>images\nanosuit</Filter>
    </Image>
    <Image Include="images\nanosuit\hand_showroom_spec.png">
      <Filter>images\nanosuit</Filter>
    </Image>
    <Image Include="images\nanosuit\helmet_diff.png">
      <Filter>images\nanosuit</Filter>
    </Image>
    <Image Include="images\nanosuit\helmet_showroom_ddn.png">
      <Filter>images\nanosuit</Filter>
    </Image>
    <Image Include="images\nanosuit\helmet_showroom_spec.png">
      <Filter>images\nanosuit</Filter>
    </Image>
    <Image Include="images\nanosuit\leg_dif.png">
      <Filter>images\nanosuit</Filter>
    </Image>
    <Image Include="images\nanosuit\leg_showroom_ddn.png">
      <Filter>images\nanosuit</Filter>
    </Image>
    <Image Include="images\nanosuit\leg_showroom_spec.png">
      <Filter>images\nanosuit</Filter>
    </Image>
    <Image Include="images\asteroid_belt\planet_Quom1200.png">
      <Filter>images\asteroid_belt</Filter>
    </Image>
    <Image Include="images\asteroid_belt\Rock-Texture-Surface.jpg">
      <Filter>images\asteroid_belt</Filter>
    </Image>
  </ItemGroup>
  <ItemGroup>
    <None Include="shader\shader_light_test20.vert">
      <Filter>shader</Filter>
    </None>
    <None Include="shader\shader_light_test20.frag">
      <Filter>shader</Filter>
    </None>
    <None Include="shader\shader_light_test20_light.frag">
      <Filter>shader</Filter>
    </None>
    <None Include="shader\shader_light_test21.vert">
      <Filter>shader</Filter>
    </None>
    <None Include="shader\shader_light_test21.frag">
      <Filter>shader</Filter>
    </None>
    <None Include="shader\shader_light_test21_light.frag">
      <Filter>shader</Filter>
    </None>
    <None Include="shader\shader_light_test21_2.frag">
      <Filter>shader</Filter>
    </None>
    <None Include="shader\shader_light_test22.vert">
      <Filter>shader</Filter>
    </None>
    <None Include="shader\shader_light_test22.frag">
      <Filter>shader</Filter>
    </None>
    <None Include="shader\shader_light_test22_light.frag">
      <Filter>shader</Filter>
    </None>
    <None Include="shader\shader_light_test22_light.vert">
      <Filter>shader</Filter>
    </None>
    <None Include="shader\shader_light_test23.vert">
      <Filter>shader</Filter>
    </None>
    <None Include="shader\shader_light_test23.frag">
      <Filter>shader</Filter>
    </None>
    <None Include="shader\shader_light_test23_light.vert">
      <Filter>shader</Filter>
    </None>
    <None Include="shader\shader_light_test23_light.frag">
      <Filter>shader</Filter>
    </None>
    <None Include="shader\shader_light_test24.frag">
      <Filter>shader</Filter>
    </None>
    <None Include="shader\shader_light_test24.vert">
      <Filter>shader</Filter>
    </None>
    <None Include="shader\shader_light_test24_light.frag">
      <Filter>shader</Filter>
    </None>
    <None Include="shader\shader_light_test24_light.vert">
      <Filter>shader</Filter>
    </None>
    <None Include="helper\OpenGL_VRML_Materials.md" />
    <None Include="README.md" />
    <None Include="helper\lightAttenuation.md" />
    <None Include="shader\shader_light_test25.vert">
      <Filter>shader</Filter>
    </None>
    <None Include="shader\shader_light_test25.frag">
      <Filter>shader</Filter>
    </None>
    <None Include="shader\shader_light_test25_light.frag">
      <Filter>shader</Filter>
    </None>
    <None Include="shader\shader_light_test25_light.vert">
      <Filter>shader</Filter>
    </None>
    <None Include="helper\smollSplitLightEdge.md" />
    <None Include="shader\shader_light_test26.vert">
      <Filter>shader</Filter>
    </None>
    <None Include="shader\shader_light_test26.frag">
      <Filter>shader</Filter>
    </None>
    <None Include="shader\shader_light_test26_light.frag">
      <Filter>shader</Filter>
    </None>
    <None Include="shader\shader_light_test27.vert">
      <Filter>shader</Filter>
    </None>
    <None Include="shader\shader_light_test27.frag">
      <Filter>shader</Filter>
    </None>
    <None Include="packages.config" />
    <None Include="shader\shader_light_test27_light.vert">
      <Filter>shader</Filter>
    </None>
    <None Include="shader\shader_light_test27_light.frag">
      <Filter>shader</Filter>
    </None>
    <None Include="shader\shader_depth_test28.vert">
      <Filter>shader</Filter>
    </None>
    <None Include="shader\shader_depth_test28.frag">
      <Filter>shader</Filter>
    </None>
    <None Include="shader\shader_depth_test28_light.frag">
      <Filter>shader</Filter>
    </None>
    <None Include="shader\shader_depth_test28_outlining.frag">
      <Filter>shader</Filter>
    </None>
    <None Include="shader\shader_blending_test29.vert">
      <Filter>shader</Filter>
    </None>
    <None Include="shader\shader_blending_test29.frag">
      <Filter>shader</Filter>
    </None>
    <None Include="shader\shader_blending_test29_light.frag">
      <Filter>shader</Filter>
    </None>
    <None Include="shader\shader_blending_test29_outlining.frag">
      <Filter>shader</Filter>
    </None>
    <None Include="shader\shader_blending_test29_grass.vert">
      <Filter>shader</Filter>
    </None>
    <None Include="shader\shader_blending_test29_grass.frag">
      <Filter>shader</Filter>
    </None>
    <None Include="shader\shader_blending_test30.frag">
      <Filter>shader</Filter>
    </None>
    <None Include="shader\shader_blending_test30.vert">
      <Filter>shader</Filter>
    </None>
    <None Include="shader\shader_faceculling_test4_4.vert">
      <Filter>shader</Filter>
    </None>
    <None Include="shader\shader_faceculling_test4_4.frag">
      <Filter>shader</Filter>
    </None>
    <None Include="shader\shader_faceculling_test4_4_grass.vert">
      <Filter>shader</Filter>
    </None>
    <None Include="shader\shader_faceculling_test4_4_grass.frag">
      <Filter>shader</Filter>
    </None>
    <None Include="shader\shader_frame_buffer_test_4_5_screen.frag">
      <Filter>shader</Filter>
    </None>
    <None Include="shader\shader_frame_buffer_test_4_5_screen.vert">
      <Filter>shader</Filter>
    </None>
    <None Include="shader\shader_frame_buffer_test_4_5.vert">
      <Filter>shader</Filter>
    </None>
    <None Include="shader\shader_frame_buffer_test_4_5.frag">
      <Filter>shader</Filter>
    </None>
    <None Include="shader_frame_buffer_test_4_5_reverse_color.frag">
      <Filter>shader</Filter>
    </None>
    <None Include="shader\shader_frame_buffer_test_4_5_gray.frag">
      <Filter>shader</Filter>
    </None>
    <None Include="shader\shader_frame_buffer_kernel_test_4_5.vert">
      <Filter>shader</Filter>
    </None>
    <None Include="shader\shader_frame_buffer_kernel_test_4_5.frag">
      <Filter>shader</Filter>
    </None>
    <None Include="shader\shader_frame_buffer_kernel_frame_test_4_5.vert">
      <Filter>shader</Filter>
    </None>
    <None Include="shader\shader_frame_buffer_kernel_frame_test_4_5.frag">
      <Filter>shader</Filter>
    </None>
    <None Include="shader\shader_frame_buffer_kernel_handle_test_4_5.frag">
      <Filter>shader</Filter>
    </None>
    <None Include="shader\shader_cube_map_test_4_6.frag">
      <Filter>shader</Filter>
    </None>
    <None Include="shader\shader_cube_map_test_4_6.vert">
      <Filter>shader</Filter>
    </None>
    <None Include="shader\shader_cube_map_test_4_6_box.vert">
      <Filter>shader</Filter>
    </None>
    <None Include="shader\shader_cube_map_test_4_6_box.frag">
      <Filter>shader</Filter>
    </None>
    <None Include="shader\shader_cube_map_test_4_6_framebuffer.vert">
      <Filter>shader</Filter>
    </None>
    <None Include="shader\shader_cube_map_test_4_6_framebuffer.frag">
      <Filter>shader</Filter>
    </None>
    <None Include="shader\shader_cube_map_test_4_6_box_reflect.vert">
      <Filter>shader</Filter>
    </None>
    <None Include="shader\shader_cube_map_test_4_6_box_reflect.frag">
      <Filter>shader</Filter>
    </None>
    <None Include="shader\vert_4_7_advanced_data.vert">
      <Filter>shader</Filter>
    </None>
    <None Include="shader\frag_4_7_advanced_data.frag">
      <Filter>shader</Filter>
    </None>
    <None Include="shader\frag_4_7_advanced_data_floor.frag">
      <Filter>shader</Filter>
    </None>
    <None Include="shader\_4_8_advanced_glsl.vert">
      <Filter>shader</Filter>
    </None>
    <None Include="shader\_4_8_advanced_glsl.frag">
      <Filter>shader</Filter>
    </None>
    <None Include="shader\_4_8_advanced_glsl2.vert">
      <Filter>shader</Filter>
    </None>
    <None Include="shader\_4_8_advanced_glsl2.frag">
      <Filter>shader</Filter>
    </None>
    <None Include="shader\_4_8_advanced_glsl3.vert">
      <Filter>shader</Filter>
    </None>
    <None Include="shader\_4_8_advanced_glsl3.frag">
      <Filter>shader</Filter>
    </None>
    <None Include="shader\_4_8_advanced_glsl3_2.vert">
      <Filter>shader</Filter>
    </None>
    <None Include="shader\_4_8_advanced_glsl3_2.frag">
      <Filter>shader</Filter>
    </None>
    <None Include="shader\_4_9_geometry_shader.vert">
      <Filter>shader</Filter>
    </None>
    <None Include="shader\_4_9_geometry_shader.frag">
      <Filter>shader</Filter>
    </None>
    <None Include="shader\_4_9_geometry_shader.geom">
      <Filter>shader</Filter>
    </None>
    <None Include="shader\_4_9_geometry_shader2.geom">
      <Filter>shader</Filter>
    </None>
    <None Include="images\nanosuit\nanosuit.blend">
      <Filter>images\nanosuit</Filter>
    </None>
    <None Include="images\nanosuit\nanosuit.mtl">
      <Filter>images\nanosuit</Filter>
    </None>
    <None Include="shader\_4_9_2_geometry_shader.vert">
      <Filter>shader</Filter>
    </None>
    <None Include="shader\_4_9_2_geometry_shader.frag">
      <Filter>shader</Filter>
    </None>
    <None Include="shader\_4_9_2_geometry_shader.geom">
      <Filter>shader</Filter>
    </None>
    <None Include="shader\_4_9_2_geometry_shader2.vert">
      <Filter>shader</Filter>
    </None>
    <None Include="shader\_4_9_2_geometry_shader2.frag">
      <Filter>shader</Filter>
    </None>
    <None Include="shader\_4_9_2_geometry_shader3.vert">
      <Filter>shader</Filter>
    </None>
    <None Include="shader\_4_9_2_geometry_shader3.frag">
      <Filter>shader</Filter>
    </None>
    <None Include="shader\_4_9_2_geometry_shader3.geom">
      <Filter>shader</Filter>
    </None>
    <None Include="shader\_4_9_2_geometry_shader4.vert">
      <Filter>shader</Filter>
    </None>
    <None Include="shader\_4_9_2_geometry_shader4.frag">
      <Filter>shader</Filter>
    </None>
    <None Include="shader\_4_10_instancing.vert">
      <Filter>shader</Filter>
    </None>
    <None Include="shader\_4_10_instancing.frag">
      <Filter>shader</Filter>
    </None>
    <None Include="shader\_4_10_instancing2.vert">
      <Filter>shader</Filter>
    </None>
    <None Include="images\asteroid_belt\planet.mtl">
      <Filter>images\asteroid_belt</Filter>
    </None>
    <None Include="images\asteroid_belt\rock.mtl">
      <Filter>images\asteroid_belt</Filter>
    </None>
    <None Include="shader\_4_10_instancing4.vert">
      <Filter>shader</Filter>
    </None>
    <None Include="shader\_4_10_instancing4.frag">
      <Filter>shader</Filter>
    </None>
    <None Include="shader\_4_10_instancing3.frag">
      <Filter>shader</Filter>
    </None>
    <None Include="shader\_4_10_instancing3.vert">
      <Filter>shader</Filter>
    </None>
    <None Include="shader\_4_11_anti_aliasing.vert">
      <Filter>shader</Filter>
    </None>
    <None Include="shader\_4_11_anti_aliasing.frag">
      <Filter>shader</Filter>
    </None>
    <None Include="shader\_4_11_anti_aliasing2_grass.vert">
      <Filter>shader</Filter>
    </None>
    <None Include="shader\_4_11_anti_aliasing2_grass.frag">
      <Filter>shader</Filter>
    </None>
    <None Include="shader\_4_11_anti_aliasing3.vert">
      <Filter>shader</Filter>
    </None>
    <None Include="shader\_4_11_anti_aliasing3.frag">
      <Filter>shader</Filter>
    </None>
  </ItemGroup>
</Project>