<?xml version="1.0" encoding="utf-8"?>
<Project ToolsVersion="4.0" xmlns="http://schemas.microsoft.com/developer/msbuild/2003">
  <ItemGroup>
    <Filter Include="源文件">
      <UniqueIdentifier>{4FC737F1-C7A5-4376-A066-2A32D752A2FF}</UniqueIdentifier>
      <Extensions>cpp;c;cc;cxx;c++;def;odl;idl;hpj;bat;asm;asmx</Extensions>
    </Filter>
    <Filter Include="头文件">
      <UniqueIdentifier>{93995380-89BD-4b04-88EB-625FBE52EBFB}</UniqueIdentifier>
      <Extensions>h;hh;hpp;hxx;h++;hm;inl;inc;ipp;xsd</Extensions>
    </Filter>
    <Filter Include="资源文件">
      <UniqueIdentifier>{67DA6AB6-F800-4c08-8B7A-83BB121AAD01}</UniqueIdentifier>
      <Extensions>rc;ico;cur;bmp;dlg;rc2;rct;bin;rgs;gif;jpg;jpeg;jpe;resx;tiff;tif;png;wav;mfcribbon-ms</Extensions>
    </Filter>
  </ItemGroup>
  <ItemGroup>
    <ClCompile Include="src\glad.c">
      <Filter>源文件</Filter>
    </ClCompile>
    <ClCompile Include="src\shaders.c">
      <Filter>源文件</Filter>
    </ClCompile>
    <ClCompile Include="src\testDrawRectangle.c">
      <Filter>源文件</Filter>
    </ClCompile>
    <ClCompile Include="src\testDrawTriangle.c">
      <Filter>源文件</Filter>
    </ClCompile>
    <ClCompile Include="src\testDrawUnfillRectangle.c">
      <Filter>源文件</Filter>
    </ClCompile>
    <ClCompile Include="src\testPractiseDrawTriangle1.c">
      <Filter>源文件</Filter>
    </ClCompile>
    <ClCompile Include="src\testPractiseDrawTriangle2.c">
      <Filter>源文件</Filter>
    </ClCompile>
    <ClCompile Include="src\testPractiseDrawTriangle3.c">
      <Filter>源文件</Filter>
    </ClCompile>
    <ClCompile Include="src\testPractiseDrawTriangle4.c">
      <Filter>源文件</Filter>
    </ClCompile>
    <ClCompile Include="src\testPractiseDrawTriangle5.c">
      <Filter>源文件</Filter>
    </ClCompile>
    <ClCompile Include="src\testPractiseDrawTriangle6.c">
      <Filter>源文件</Filter>
    </ClCompile>
    <ClCompile Include="src\testPractiseDrawTriangle7.c">
      <Filter>源文件</Filter>
    </ClCompile>
    <ClCompile Include="src\list.c">
      <Filter>源文件</Filter>
    </ClCompile>
    <ClCompile Include="src\shaderSource.c">
      <Filter>源文件</Filter>
    </ClCompile>
    <ClCompile Include="src\testPractiseReadFile.c">
      <Filter>源文件</Filter>
    </ClCompile>
    <ClCompile Include="src\fileUtil.c">
      <Filter>源文件</Filter>
    </ClCompile>
    <ClCompile Include="src\testPractiseDrawTriangle8.c">
      <Filter>源文件</Filter>
    </ClCompile>
    <ClCompile Include="src\testLoadStbImage.c">
      <Filter>源文件</Filter>
    </ClCompile>
    <ClCompile Include="src\testPractiseDrawWithTexure9.c">
      <Filter>源文件</Filter>
    </ClCompile>
    <ClCompile Include="src\testGetParentDir.c">
      <Filter>源文件</Filter>
    </ClCompile>
    <ClCompile Include="src\testPractiseDrawWithTexture10.c">
      <Filter>源文件</Filter>
    </ClCompile>
    <ClCompile Include="src\main.c">
      <Filter>源文件</Filter>
    </ClCompile>
    <ClCompile Include="src\main.cpp">
      <Filter>源文件</Filter>
    </ClCompile>
    <ClCompile Include="src\testPractiseDrawWithTransform11.cpp">
      <Filter>源文件</Filter>
    </ClCompile>
    <ClCompile Include="src\testPractiseDrawWithPerspective12.cpp">
      <Filter>源文件</Filter>
    </ClCompile>
    <ClCompile Include="src\testPractiseDrawWithPerspective13.cpp">
      <Filter>源文件</Filter>
    </ClCompile>
    <ClCompile Include="src\testPractiseDrawWithPerspective14.cpp">
      <Filter>源文件</Filter>
    </ClCompile>
    <ClCompile Include="src\util.c">
    <ClCompile Include="src\testPractiseDrawWithPerspective15.cpp">
      <Filter>源文件</Filter>
    </ClCompile>
  </ItemGroup>
  <ItemGroup>
    <ClInclude Include="src\fileUtil.h">
      <Filter>头文件</Filter>
    </ClInclude>
    <ClInclude Include="src\list.h">
      <Filter>头文件</Filter>
    </ClInclude>
    <ClInclude Include="src\shaders.h">
      <Filter>头文件</Filter>
    </ClInclude>
    <ClInclude Include="src\stb_image.h">
      <Filter>头文件</Filter>
    </ClInclude>
    <ClInclude Include="src\test.h">
      <Filter>头文件</Filter>
    </ClInclude>
    <ClInclude Include="src\shaderSource.h">
      <Filter>头文件</Filter>
    </ClInclude>
    <ClInclude Include="src\util.h">
      <Filter>头文件</Filter>
    </ClInclude>
  </ItemGroup>
  <ItemGroup>
    <Image Include="src\container.jpg">
      <Filter>资源文件</Filter>
    </Image>
    <Image Include="src\wall.jpg">
      <Filter>资源文件</Filter>
    </Image>
    <Image Include="awesomeface.png">
      <Filter>资源文件</Filter>
    </Image>
  </ItemGroup>
  <ItemGroup>
    <Text Include="shader_texture_test9_fragment.txt">
      <Filter>资源文件</Filter>
    </Text>
    <Text Include="shader_texture_test9_vertex.txt">
      <Filter>资源文件</Filter>
    </Text>
    <Text Include="shader_triangle_test8_frag.txt">
      <Filter>资源文件</Filter>
    </Text>
    <Text Include="shader_triangle_test8_vertex.txt">
      <Filter>资源文件</Filter>
    </Text>
    <Text Include="shader_texture_test10_vertex.txt">
      <Filter>资源文件</Filter>
    </Text>
    <Text Include="shader_texture_test10_fragment.txt">
      <Filter>资源文件</Filter>
    </Text>
    <Text Include="shader_transform_test11_vertex.txt">
      <Filter>资源文件</Filter>
    </Text>
    <Text Include="shader_transform_test11_fragment.txt">
      <Filter>资源文件</Filter>
    </Text>
    <Text Include="shader_perspective_test12_vertex.txt">
      <Filter>资源文件</Filter>
    </Text>
    <Text Include="shader_perspective_test12_fragment.txt">
      <Filter>资源文件</Filter>
    </Text>
    <Text Include="shader_perspective_test13_vertex.txt">
      <Filter>资源文件</Filter>
    </Text>
    <Text Include="shader_perspective_test13_fragment.txt">
    <Text Include="shader_perspective_test15_fragment.txt">
      <Filter>资源文件</Filter>
    </Text>
    <Text Include="shader_perspective_test15_vertex.txt">
      <Filter>资源文件</Filter>
    </Text>
  </ItemGroup>
</Project>